// !$*UTF8*$!
{
	archiveVersion = 1;
	classes = {
	};
	objectVersion = 77;
	objects = {

/* Begin PBXBuildFile section */
		01E6DC4035B6C4C339D35376 /* FixedHamburgerButton.swift in Sources */ = {isa = PBXBuildFile; fileRef = 1761E221D447F350C1EE399D /* FixedHamburgerButton.swift */; };
		03032B8C91E1D86FBE3BA911 /* AppShellDependencies.swift in Sources */ = {isa = PBXBuildFile; fileRef = 29A75787E187E51C1B84E489 /* AppShellDependencies.swift */; };
		0884657F15758B3B5B1C0BEF /* Core in Frameworks */ = {isa = PBXBuildFile; productRef = 8683B0FE0037B0D33755A7F4 /* Core */; };
		098357BEEFC53ACE5815921E /* Chat in Frameworks */ = {isa = PBXBuildFile; productRef = 70882273C8BB80DC07D294F8 /* Chat */; };
		0A63B26E8B4D8042CA54CADD /* SuperOSContentView.swift in Sources */ = {isa = PBXBuildFile; fileRef = 6ACCB56381CD03268352D91F /* SuperOSContentView.swift */; };
		0C8EC0C889F46CD08727C11F /* LazyConversationDriver.swift in Sources */ = {isa = PBXBuildFile; fileRef = AE3DEDCBAB42261E64C45E4A /* LazyConversationDriver.swift */; };
		0CCDABB4464A39CE21E3EF10 /* AppBootstrapSupport.swift in Sources */ = {isa = PBXBuildFile; fileRef = 3DAADB8DDBF3F6C4777CDD65 /* AppBootstrapSupport.swift */; };
		13782FABCDA9CF918CB35D9F /* Core in Frameworks */ = {isa = PBXBuildFile; productRef = BC207E747BC5B4B5821BF1A0 /* Core */; };
		1BEEBD5EF6A7767EE13B55C6 /* Bible in Frameworks */ = {isa = PBXBuildFile; productRef = FB8F97E45F912C4ADC4820AB /* Bible */; };
		2A12403854675426ABB6397F /* FailureScreen.swift in Sources */ = {isa = PBXBuildFile; fileRef = CD7B0EE431B3E74171315822 /* FailureScreen.swift */; };
		3041CF879C489ACC742D2DCD /* SuperBibleAppBootstrap.swift in Sources */ = {isa = PBXBuildFile; fileRef = 7B2859A07716F10C47D130C7 /* SuperBibleAppBootstrap.swift */; };
		3C1B1C3052183B3810A8CF5D /* AppShellLaunchBehavior.swift in Sources */ = {isa = PBXBuildFile; fileRef = 09AB504FC5956F2BE0C3C813 /* AppShellLaunchBehavior.swift */; };
		3D957B13FD33BB20787F3F7F /* SuperBibleContentView.swift in Sources */ = {isa = PBXBuildFile; fileRef = 05285BC0D4A64A80798827AE /* SuperBibleContentView.swift */; };
		3DEAA0D510B10B95793375A7 /* Chat in Frameworks */ = {isa = PBXBuildFile; productRef = EC029F57EBD2257B8FF7A6D6 /* Chat */; };
		429B89E42E56D36786685C90 /* FixedHamburgerButton.swift in Sources */ = {isa = PBXBuildFile; fileRef = 1761E221D447F350C1EE399D /* FixedHamburgerButton.swift */; };
		4378226B6C524BFF30321661 /* AppletPlaceholderScreen.swift in Sources */ = {isa = PBXBuildFile; fileRef = 68DBDA1F2A644B5E79225CC3 /* AppletPlaceholderScreen.swift */; };
		55ABC23D77353ABF12247BA6 /* SuperOSAppBootstrap.swift in Sources */ = {isa = PBXBuildFile; fileRef = 3725B1501B6113A1C65923A3 /* SuperOSAppBootstrap.swift */; };
		5FD344B07FF058882FF02ADF /* AppShellLaunchBehavior.swift in Sources */ = {isa = PBXBuildFile; fileRef = 09AB504FC5956F2BE0C3C813 /* AppShellLaunchBehavior.swift */; };
		61611AE133466C23EF441883 /* SuperOSApp.swift in Sources */ = {isa = PBXBuildFile; fileRef = 1CE9C908DC401CF2A0DFC71E /* SuperOSApp.swift */; };
		6CF0D4F0136F608FCC1C342A /* SuperBibleSystemPromptLoader.swift in Sources */ = {isa = PBXBuildFile; fileRef = B857C6AE679AC4DDB16A891B /* SuperBibleSystemPromptLoader.swift */; };
		7701FE334C0816C1D285DD7A /* PlaceholderApplets.swift in Sources */ = {isa = PBXBuildFile; fileRef = E370D60B9278B442BC918F01 /* PlaceholderApplets.swift */; };
		89833F16B5FAA545DD801D47 /* FailureScreen.swift in Sources */ = {isa = PBXBuildFile; fileRef = CD7B0EE431B3E74171315822 /* FailureScreen.swift */; };
		8D0D4B995C6E26F0C6EE0660 /* Bible in Frameworks */ = {isa = PBXBuildFile; productRef = B59E8F76DF12E5EB85846474 /* Bible */; };
		A1D98D8D2831FBFE0F5CCABA /* AppShellDependencies.swift in Sources */ = {isa = PBXBuildFile; fileRef = 29A75787E187E51C1B84E489 /* AppShellDependencies.swift */; };
		A4F219F443B47D41DA7B2944 /* SuperBibleSystemPrompt.md in Resources */ = {isa = PBXBuildFile; fileRef = B4A542D995049132FEC7D3ED /* SuperBibleSystemPrompt.md */; };
		AD50833E303252DED6DDD093 /* Assets.xcassets in Resources */ = {isa = PBXBuildFile; fileRef = A2E7E965D0CD4FCFA8716B82 /* Assets.xcassets */; };
		AFC08660B3369D19A6DBBCFA /* Todo in Frameworks */ = {isa = PBXBuildFile; productRef = D584F1599CFA7090D136AA8A /* Todo */; };
		B4AC4F80F660258ED2F77E4D /* AppShell.swift in Sources */ = {isa = PBXBuildFile; fileRef = 4055714F28FA1FB5C814D20D /* AppShell.swift */; };
		B4E4824311251D4E1E3DD916 /* SuperBibleApp.swift in Sources */ = {isa = PBXBuildFile; fileRef = 09217CF93342E4164B070DCA /* SuperBibleApp.swift */; };
		BCCFAE1C7C00E680FACF8D46 /* AppShell.swift in Sources */ = {isa = PBXBuildFile; fileRef = 4055714F28FA1FB5C814D20D /* AppShell.swift */; };
		CAD214D44286133A8F71D0A5 /* AppBootstrapSupport.swift in Sources */ = {isa = PBXBuildFile; fileRef = 3DAADB8DDBF3F6C4777CDD65 /* AppBootstrapSupport.swift */; };
		CE2A0E838B9E14B0E9B0FE83 /* LazyConversationDriver.swift in Sources */ = {isa = PBXBuildFile; fileRef = AE3DEDCBAB42261E64C45E4A /* LazyConversationDriver.swift */; };
		EFC82467B26032D548C84CEC /* Assets.xcassets in Resources */ = {isa = PBXBuildFile; fileRef = 54B4290F5FC04123B09959C4 /* Assets.xcassets */; };
/* End PBXBuildFile section */

/* Begin PBXFileReference section */
		05285BC0D4A64A80798827AE /* SuperBibleContentView.swift */ = {isa = PBXFileReference; lastKnownFileType = sourcecode.swift; path = SuperBibleContentView.swift; sourceTree = "<group>"; };
		09217CF93342E4164B070DCA /* SuperBibleApp.swift */ = {isa = PBXFileReference; lastKnownFileType = sourcecode.swift; path = SuperBibleApp.swift; sourceTree = "<group>"; };
		09AB504FC5956F2BE0C3C813 /* AppShellLaunchBehavior.swift */ = {isa = PBXFileReference; lastKnownFileType = sourcecode.swift; path = AppShellLaunchBehavior.swift; sourceTree = "<group>"; };
		1761E221D447F350C1EE399D /* FixedHamburgerButton.swift */ = {isa = PBXFileReference; lastKnownFileType = sourcecode.swift; path = FixedHamburgerButton.swift; sourceTree = "<group>"; };
		1CE9C908DC401CF2A0DFC71E /* SuperOSApp.swift */ = {isa = PBXFileReference; lastKnownFileType = sourcecode.swift; path = SuperOSApp.swift; sourceTree = "<group>"; };
		2655703F58B72885DF901253 /* Bible */ = {isa = PBXFileReference; lastKnownFileType = folder; name = Bible; path = Packages/Bible; sourceTree = SOURCE_ROOT; };
		2921FC8300FB3159F8B69979 /* SuperBible.app */ = {isa = PBXFileReference; includeInIndex = 0; lastKnownFileType = wrapper.application; path = SuperBible.app; sourceTree = BUILT_PRODUCTS_DIR; };
		29A75787E187E51C1B84E489 /* AppShellDependencies.swift */ = {isa = PBXFileReference; lastKnownFileType = sourcecode.swift; path = AppShellDependencies.swift; sourceTree = "<group>"; };
		3725B1501B6113A1C65923A3 /* SuperOSAppBootstrap.swift */ = {isa = PBXFileReference; lastKnownFileType = sourcecode.swift; path = SuperOSAppBootstrap.swift; sourceTree = "<group>"; };
		3DAADB8DDBF3F6C4777CDD65 /* AppBootstrapSupport.swift */ = {isa = PBXFileReference; lastKnownFileType = sourcecode.swift; path = AppBootstrapSupport.swift; sourceTree = "<group>"; };
		4055714F28FA1FB5C814D20D /* AppShell.swift */ = {isa = PBXFileReference; lastKnownFileType = sourcecode.swift; path = AppShell.swift; sourceTree = "<group>"; };
		4FFB0B41D3EF34BDB022BFA3 /* Info.plist */ = {isa = PBXFileReference; lastKnownFileType = text.plist; path = Info.plist; sourceTree = "<group>"; };
		54B4290F5FC04123B09959C4 /* Assets.xcassets */ = {isa = PBXFileReference; lastKnownFileType = folder.assetcatalog; path = Assets.xcassets; sourceTree = "<group>"; };
		5CD7248626B357C0C7BCE21F /* Super.app */ = {isa = PBXFileReference; includeInIndex = 0; lastKnownFileType = wrapper.application; path = Super.app; sourceTree = BUILT_PRODUCTS_DIR; };
		61F39965616CCD1C3A93C1E5 /* Chat */ = {isa = PBXFileReference; lastKnownFileType = folder; name = Chat; path = Packages/Chat; sourceTree = SOURCE_ROOT; };
		68DBDA1F2A644B5E79225CC3 /* AppletPlaceholderScreen.swift */ = {isa = PBXFileReference; lastKnownFileType = sourcecode.swift; path = AppletPlaceholderScreen.swift; sourceTree = "<group>"; };
		6ACCB56381CD03268352D91F /* SuperOSContentView.swift */ = {isa = PBXFileReference; lastKnownFileType = sourcecode.swift; path = SuperOSContentView.swift; sourceTree = "<group>"; };
		77418FFA7CE4CCEBA18C49CA /* Todo */ = {isa = PBXFileReference; lastKnownFileType = folder; name = Todo; path = Packages/Todo; sourceTree = SOURCE_ROOT; };
		7B2859A07716F10C47D130C7 /* SuperBibleAppBootstrap.swift */ = {isa = PBXFileReference; lastKnownFileType = sourcecode.swift; path = SuperBibleAppBootstrap.swift; sourceTree = "<group>"; };
		9CC7BF855207A5FF7A4A848B /* Base.xcconfig */ = {isa = PBXFileReference; lastKnownFileType = text.xcconfig; path = Base.xcconfig; sourceTree = "<group>"; };
		A2E7E965D0CD4FCFA8716B82 /* Assets.xcassets */ = {isa = PBXFileReference; lastKnownFileType = folder.assetcatalog; path = Assets.xcassets; sourceTree = "<group>"; };
		A9E5647B0A3E4B0A1BFC087D /* Core */ = {isa = PBXFileReference; lastKnownFileType = folder; name = Core; path = Packages/Core; sourceTree = SOURCE_ROOT; };
		AE3DEDCBAB42261E64C45E4A /* LazyConversationDriver.swift */ = {isa = PBXFileReference; lastKnownFileType = sourcecode.swift; path = LazyConversationDriver.swift; sourceTree = "<group>"; };
		B4A542D995049132FEC7D3ED /* SuperBibleSystemPrompt.md */ = {isa = PBXFileReference; lastKnownFileType = net.daringfireball.markdown; path = SuperBibleSystemPrompt.md; sourceTree = "<group>"; };
		B857C6AE679AC4DDB16A891B /* SuperBibleSystemPromptLoader.swift */ = {isa = PBXFileReference; lastKnownFileType = sourcecode.swift; path = SuperBibleSystemPromptLoader.swift; sourceTree = "<group>"; };
		C41DDF00F0BF6124C2468042 /* Info.plist */ = {isa = PBXFileReference; lastKnownFileType = text.plist; path = Info.plist; sourceTree = "<group>"; };
		CD7B0EE431B3E74171315822 /* FailureScreen.swift */ = {isa = PBXFileReference; lastKnownFileType = sourcecode.swift; path = FailureScreen.swift; sourceTree = "<group>"; };
		E370D60B9278B442BC918F01 /* PlaceholderApplets.swift */ = {isa = PBXFileReference; lastKnownFileType = sourcecode.swift; path = PlaceholderApplets.swift; sourceTree = "<group>"; };
/* End PBXFileReference section */

/* Begin PBXFrameworksBuildPhase section */
		24337DEB7571FAABD4A3BA24 /* Frameworks */ = {
			isa = PBXFrameworksBuildPhase;
			buildActionMask = 2147483647;
			files = (
				13782FABCDA9CF918CB35D9F /* Core in Frameworks */,
				3DEAA0D510B10B95793375A7 /* Chat in Frameworks */,
				8D0D4B995C6E26F0C6EE0660 /* Bible in Frameworks */,
			);
			runOnlyForDeploymentPostprocessing = 0;
		};
		D41255545ECC4742B5AF08CD /* Frameworks */ = {
			isa = PBXFrameworksBuildPhase;
			buildActionMask = 2147483647;
			files = (
				0884657F15758B3B5B1C0BEF /* Core in Frameworks */,
				098357BEEFC53ACE5815921E /* Chat in Frameworks */,
				1BEEBD5EF6A7767EE13B55C6 /* Bible in Frameworks */,
				AFC08660B3369D19A6DBBCFA /* Todo in Frameworks */,
			);
			runOnlyForDeploymentPostprocessing = 0;
		};
/* End PBXFrameworksBuildPhase section */

/* Begin PBXGroup section */
		15C8BE24E5105BFAB2C35DDE /* Config */ = {
			isa = PBXGroup;
			children = (
				9CC7BF855207A5FF7A4A848B /* Base.xcconfig */,
			);
			path = Config;
			sourceTree = "<group>";
		};
		1E8169B044BFE25AEEFA415C /* Products */ = {
			isa = PBXGroup;
			children = (
				5CD7248626B357C0C7BCE21F /* Super.app */,
				2921FC8300FB3159F8B69979 /* SuperBible.app */,
			);
			name = Products;
			sourceTree = "<group>";
		};
		39E3D00F8E86FD5DF22F8ABC /* Shell */ = {
			isa = PBXGroup;
			children = (
				3DAADB8DDBF3F6C4777CDD65 /* AppBootstrapSupport.swift */,
				4055714F28FA1FB5C814D20D /* AppShell.swift */,
				29A75787E187E51C1B84E489 /* AppShellDependencies.swift */,
				09AB504FC5956F2BE0C3C813 /* AppShellLaunchBehavior.swift */,
				CD7B0EE431B3E74171315822 /* FailureScreen.swift */,
				1761E221D447F350C1EE399D /* FixedHamburgerButton.swift */,
				AE3DEDCBAB42261E64C45E4A /* LazyConversationDriver.swift */,
			);
			path = Shell;
			sourceTree = "<group>";
		};
		417AAAA57CBD213836042AC6 /* App-SuperBible */ = {
			isa = PBXGroup;
			children = (
				BA63ACC5C50B5FF338886BBB /* Resources */,
				A2E7E965D0CD4FCFA8716B82 /* Assets.xcassets */,
				C41DDF00F0BF6124C2468042 /* Info.plist */,
				09217CF93342E4164B070DCA /* SuperBibleApp.swift */,
				7B2859A07716F10C47D130C7 /* SuperBibleAppBootstrap.swift */,
				05285BC0D4A64A80798827AE /* SuperBibleContentView.swift */,
				B857C6AE679AC4DDB16A891B /* SuperBibleSystemPromptLoader.swift */,
			);
			path = "App-SuperBible";
			sourceTree = "<group>";
		};
		629F5A105F32CABAE061F024 /* App */ = {
			isa = PBXGroup;
			children = (
				39E3D00F8E86FD5DF22F8ABC /* Shell */,
			);
			path = App;
			sourceTree = "<group>";
		};
		67A6CA8E2788D7A6A53597A3 /* Placeholders */ = {
			isa = PBXGroup;
			children = (
				68DBDA1F2A644B5E79225CC3 /* AppletPlaceholderScreen.swift */,
				E370D60B9278B442BC918F01 /* PlaceholderApplets.swift */,
			);
			path = Placeholders;
			sourceTree = "<group>";
		};
		6F830D648380D0F60AB776FB = {
			isa = PBXGroup;
			children = (
				629F5A105F32CABAE061F024 /* App */,
				417AAAA57CBD213836042AC6 /* App-SuperBible */,
				7B685019F20B2F91759C6170 /* App-SuperOS */,
				15C8BE24E5105BFAB2C35DDE /* Config */,
				D18728D82C01571E5AD1589C /* Packages */,
				1E8169B044BFE25AEEFA415C /* Products */,
			);
			sourceTree = "<group>";
		};
		7B685019F20B2F91759C6170 /* App-SuperOS */ = {
			isa = PBXGroup;
			children = (
				67A6CA8E2788D7A6A53597A3 /* Placeholders */,
				54B4290F5FC04123B09959C4 /* Assets.xcassets */,
				4FFB0B41D3EF34BDB022BFA3 /* Info.plist */,
				1CE9C908DC401CF2A0DFC71E /* SuperOSApp.swift */,
				3725B1501B6113A1C65923A3 /* SuperOSAppBootstrap.swift */,
				6ACCB56381CD03268352D91F /* SuperOSContentView.swift */,
			);
			path = "App-SuperOS";
			sourceTree = "<group>";
		};
		BA63ACC5C50B5FF338886BBB /* Resources */ = {
			isa = PBXGroup;
			children = (
				B4A542D995049132FEC7D3ED /* SuperBibleSystemPrompt.md */,
			);
			path = Resources;
			sourceTree = "<group>";
		};
		D18728D82C01571E5AD1589C /* Packages */ = {
			isa = PBXGroup;
			children = (
				2655703F58B72885DF901253 /* Bible */,
				61F39965616CCD1C3A93C1E5 /* Chat */,
				A9E5647B0A3E4B0A1BFC087D /* Core */,
				77418FFA7CE4CCEBA18C49CA /* Todo */,
			);
			path = Packages;
			sourceTree = "<group>";
		};
/* End PBXGroup section */

/* Begin PBXNativeTarget section */
		3310FB9D9B5DD2626E0B2149 /* SuperBible */ = {
			isa = PBXNativeTarget;
			buildConfigurationList = C971474483B84F08459A5912 /* Build configuration list for PBXNativeTarget "SuperBible" */;
			buildPhases = (
				983E83B17A71B100501D2DE9 /* Sources */,
				CD707206BF31668916308B89 /* Resources */,
				24337DEB7571FAABD4A3BA24 /* Frameworks */,
			);
			buildRules = (
			);
			dependencies = (
			);
			name = SuperBible;
			packageProductDependencies = (
				BC207E747BC5B4B5821BF1A0 /* Core */,
				EC029F57EBD2257B8FF7A6D6 /* Chat */,
				B59E8F76DF12E5EB85846474 /* Bible */,
			);
			productName = SuperBible;
			productReference = 2921FC8300FB3159F8B69979 /* SuperBible.app */;
			productType = "com.apple.product-type.application";
		};
		730FC89DA2E4DC6C0AD15760 /* Super */ = {
			isa = PBXNativeTarget;
			buildConfigurationList = 5B09EACE30CD088E553453C4 /* Build configuration list for PBXNativeTarget "Super" */;
			buildPhases = (
				6214B017EF14503C7459B1E3 /* Sources */,
				5547D6F588E3C55325D1C922 /* Resources */,
				D41255545ECC4742B5AF08CD /* Frameworks */,
			);
			buildRules = (
			);
			dependencies = (
			);
			name = Super;
			packageProductDependencies = (
				8683B0FE0037B0D33755A7F4 /* Core */,
				70882273C8BB80DC07D294F8 /* Chat */,
				FB8F97E45F912C4ADC4820AB /* Bible */,
				D584F1599CFA7090D136AA8A /* Todo */,
			);
			productName = Super;
			productReference = 5CD7248626B357C0C7BCE21F /* Super.app */;
			productType = "com.apple.product-type.application";
		};
/* End PBXNativeTarget section */

/* Begin PBXProject section */
		2482EF81DB31E6D333797A40 /* Project object */ = {
			isa = PBXProject;
			attributes = {
				BuildIndependentTargetsInParallel = YES;
				LastUpgradeCheck = 2640;
				TargetAttributes = {
					3310FB9D9B5DD2626E0B2149 = {
						DevelopmentTeam = "";
					};
					730FC89DA2E4DC6C0AD15760 = {
						DevelopmentTeam = "";
					};
				};
			};
			buildConfigurationList = 93E52B85EEBDA4855521E2E2 /* Build configuration list for PBXProject "Super" */;
			developmentRegion = en;
			hasScannedForEncodings = 0;
			knownRegions = (
				Base,
				en,
			);
			mainGroup = 6F830D648380D0F60AB776FB;
			minimizedProjectReferenceProxies = 1;
			packageReferences = (
				3E74A70C08F8CAFA28DB79F6 /* XCLocalSwiftPackageReference "Packages/Bible" */,
				594D4392302D1CE4BBCF2D68 /* XCLocalSwiftPackageReference "Packages/Chat" */,
				A24F6D26900F94887B129B1A /* XCLocalSwiftPackageReference "Packages/Core" */,
				00EFD996846361331FD5E2FB /* XCLocalSwiftPackageReference "Packages/Todo" */,
			);
			preferredProjectObjectVersion = 77;
			productRefGroup = 1E8169B044BFE25AEEFA415C /* Products */;
			projectDirPath = "";
			projectRoot = "";
			targets = (
				730FC89DA2E4DC6C0AD15760 /* Super */,
				3310FB9D9B5DD2626E0B2149 /* SuperBible */,
			);
		};
/* End PBXProject section */

/* Begin PBXResourcesBuildPhase section */
		5547D6F588E3C55325D1C922 /* Resources */ = {
			isa = PBXResourcesBuildPhase;
			buildActionMask = 2147483647;
			files = (
				EFC82467B26032D548C84CEC /* Assets.xcassets in Resources */,
			);
			runOnlyForDeploymentPostprocessing = 0;
		};
		CD707206BF31668916308B89 /* Resources */ = {
			isa = PBXResourcesBuildPhase;
			buildActionMask = 2147483647;
			files = (
				AD50833E303252DED6DDD093 /* Assets.xcassets in Resources */,
				A4F219F443B47D41DA7B2944 /* SuperBibleSystemPrompt.md in Resources */,
			);
			runOnlyForDeploymentPostprocessing = 0;
		};
/* End PBXResourcesBuildPhase section */

/* Begin PBXSourcesBuildPhase section */
		6214B017EF14503C7459B1E3 /* Sources */ = {
			isa = PBXSourcesBuildPhase;
			buildActionMask = 2147483647;
			files = (
				0CCDABB4464A39CE21E3EF10 /* AppBootstrapSupport.swift in Sources */,
				BCCFAE1C7C00E680FACF8D46 /* AppShell.swift in Sources */,
				A1D98D8D2831FBFE0F5CCABA /* AppShellDependencies.swift in Sources */,
				5FD344B07FF058882FF02ADF /* AppShellLaunchBehavior.swift in Sources */,
				4378226B6C524BFF30321661 /* AppletPlaceholderScreen.swift in Sources */,
				89833F16B5FAA545DD801D47 /* FailureScreen.swift in Sources */,
				429B89E42E56D36786685C90 /* FixedHamburgerButton.swift in Sources */,
				CE2A0E838B9E14B0E9B0FE83 /* LazyConversationDriver.swift in Sources */,
				7701FE334C0816C1D285DD7A /* PlaceholderApplets.swift in Sources */,
				61611AE133466C23EF441883 /* SuperOSApp.swift in Sources */,
				55ABC23D77353ABF12247BA6 /* SuperOSAppBootstrap.swift in Sources */,
				0A63B26E8B4D8042CA54CADD /* SuperOSContentView.swift in Sources */,
			);
			runOnlyForDeploymentPostprocessing = 0;
		};
		983E83B17A71B100501D2DE9 /* Sources */ = {
			isa = PBXSourcesBuildPhase;
			buildActionMask = 2147483647;
			files = (
				CAD214D44286133A8F71D0A5 /* AppBootstrapSupport.swift in Sources */,
				B4AC4F80F660258ED2F77E4D /* AppShell.swift in Sources */,
				03032B8C91E1D86FBE3BA911 /* AppShellDependencies.swift in Sources */,
				3C1B1C3052183B3810A8CF5D /* AppShellLaunchBehavior.swift in Sources */,
				2A12403854675426ABB6397F /* FailureScreen.swift in Sources */,
				01E6DC4035B6C4C339D35376 /* FixedHamburgerButton.swift in Sources */,
				0C8EC0C889F46CD08727C11F /* LazyConversationDriver.swift in Sources */,
				B4E4824311251D4E1E3DD916 /* SuperBibleApp.swift in Sources */,
				3041CF879C489ACC742D2DCD /* SuperBibleAppBootstrap.swift in Sources */,
				3D957B13FD33BB20787F3F7F /* SuperBibleContentView.swift in Sources */,
				6CF0D4F0136F608FCC1C342A /* SuperBibleSystemPromptLoader.swift in Sources */,
			);
			runOnlyForDeploymentPostprocessing = 0;
		};
/* End PBXSourcesBuildPhase section */

/* Begin XCBuildConfiguration section */
		0DF61EC6BC4EF00F3E7355DB /* Debug */ = {
			isa = XCBuildConfiguration;
			buildSettings = {
				ALWAYS_SEARCH_USER_PATHS = NO;
				CLANG_ANALYZER_NONNULL = YES;
				CLANG_ANALYZER_NUMBER_OBJECT_CONVERSION = YES_AGGRESSIVE;
				CLANG_CXX_LANGUAGE_STANDARD = "gnu++14";
				CLANG_CXX_LIBRARY = "libc++";
				CLANG_ENABLE_MODULES = YES;
				CLANG_ENABLE_OBJC_ARC = YES;
				CLANG_ENABLE_OBJC_WEAK = YES;
				CLANG_WARN_BLOCK_CAPTURE_AUTORELEASING = YES;
				CLANG_WARN_BOOL_CONVERSION = YES;
				CLANG_WARN_COMMA = YES;
				CLANG_WARN_CONSTANT_CONVERSION = YES;
				CLANG_WARN_DEPRECATED_OBJC_IMPLEMENTATIONS = YES;
				CLANG_WARN_DIRECT_OBJC_ISA_USAGE = YES_ERROR;
				CLANG_WARN_DOCUMENTATION_COMMENTS = YES;
				CLANG_WARN_EMPTY_BODY = YES;
				CLANG_WARN_ENUM_CONVERSION = YES;
				CLANG_WARN_INFINITE_RECURSION = YES;
				CLANG_WARN_INT_CONVERSION = YES;
				CLANG_WARN_NON_LITERAL_NULL_CONVERSION = YES;
				CLANG_WARN_OBJC_IMPLICIT_RETAIN_SELF = YES;
				CLANG_WARN_OBJC_LITERAL_CONVERSION = YES;
				CLANG_WARN_OBJC_ROOT_CLASS = YES_ERROR;
				CLANG_WARN_QUOTED_INCLUDE_IN_FRAMEWORK_HEADER = YES;
				CLANG_WARN_RANGE_LOOP_ANALYSIS = YES;
				CLANG_WARN_STRICT_PROTOTYPES = YES;
				CLANG_WARN_SUSPICIOUS_MOVE = YES;
				CLANG_WARN_UNGUARDED_AVAILABILITY = YES_AGGRESSIVE;
				CLANG_WARN_UNREACHABLE_CODE = YES;
				CLANG_WARN__DUPLICATE_METHOD_MATCH = YES;
				CODE_SIGN_STYLE = Automatic;
				COPY_PHASE_STRIP = NO;
				DEBUG_INFORMATION_FORMAT = dwarf;
				DEVELOPMENT_TEAM = "";
				ENABLE_STRICT_OBJC_MSGSEND = YES;
				ENABLE_TESTABILITY = YES;
				ENABLE_USER_SCRIPT_SANDBOXING = YES;
				GCC_C_LANGUAGE_STANDARD = gnu11;
				GCC_DYNAMIC_NO_PIC = NO;
				GCC_NO_COMMON_BLOCKS = YES;
				GCC_OPTIMIZATION_LEVEL = 0;
				GCC_PREPROCESSOR_DEFINITIONS = (
					"$(inherited)",
					"DEBUG=1",
				);
				GCC_TREAT_WARNINGS_AS_ERRORS = NO;
				GCC_WARN_64_TO_32_BIT_CONVERSION = YES;
				GCC_WARN_ABOUT_RETURN_TYPE = YES_ERROR;
				GCC_WARN_UNDECLARED_SELECTOR = YES;
				GCC_WARN_UNINITIALIZED_AUTOS = YES_AGGRESSIVE;
				GCC_WARN_UNUSED_FUNCTION = YES;
				GCC_WARN_UNUSED_VARIABLE = YES;
				IPHONEOS_DEPLOYMENT_TARGET = 26.0;
				MTL_ENABLE_DEBUG_INFO = INCLUDE_SOURCE;
				MTL_FAST_MATH = YES;
				ONLY_ACTIVE_ARCH = YES;
				PRODUCT_NAME = "$(TARGET_NAME)";
				SDKROOT = iphoneos;
				SWIFT_ACTIVE_COMPILATION_CONDITIONS = DEBUG;
				SWIFT_OPTIMIZATION_LEVEL = "-Onone";
				SWIFT_STRICT_CONCURRENCY = complete;
				SWIFT_TREAT_WARNINGS_AS_ERRORS = NO;
				SWIFT_VERSION = 6.0;
			};
			name = Debug;
		};
		17E67C68FBDB893AE3C33F1D /* Release */ = {
			isa = XCBuildConfiguration;
			baseConfigurationReference = 9CC7BF855207A5FF7A4A848B /* Base.xcconfig */;
			buildSettings = {
				ASSETCATALOG_COMPILER_APPICON_NAME = AppIcon;
				ASSETCATALOG_COMPILER_GLOBAL_ACCENT_COLOR_NAME = AccentColor;
				CODE_SIGN_IDENTITY = "Apple Distribution";
				CODE_SIGN_STYLE = Manual;
				ENABLE_PREVIEWS = YES;
				GENERATE_INFOPLIST_FILE = NO;
				INFOPLIST_FILE = "App-SuperBible/Info.plist";
				IPHONEOS_DEPLOYMENT_TARGET = 26.0;
				LD_RUNPATH_SEARCH_PATHS = (
					"$(inherited)",
					"@executable_path/Frameworks",
				);
				PRODUCT_BUNDLE_IDENTIFIER = com.brianwang.SuperBible;
				PRODUCT_NAME = SuperBible;
				SDKROOT = iphoneos;
				SUPPORTS_MACCATALYST = NO;
				TARGETED_DEVICE_FAMILY = "1,2";
			};
			name = Release;
		};
		2F899DD57E9F32006D40D713 /* Release */ = {
			isa = XCBuildConfiguration;
			buildSettings = {
				ALWAYS_SEARCH_USER_PATHS = NO;
				CLANG_ANALYZER_NONNULL = YES;
				CLANG_ANALYZER_NUMBER_OBJECT_CONVERSION = YES_AGGRESSIVE;
				CLANG_CXX_LANGUAGE_STANDARD = "gnu++14";
				CLANG_CXX_LIBRARY = "libc++";
				CLANG_ENABLE_MODULES = YES;
				CLANG_ENABLE_OBJC_ARC = YES;
				CLANG_ENABLE_OBJC_WEAK = YES;
				CLANG_WARN_BLOCK_CAPTURE_AUTORELEASING = YES;
				CLANG_WARN_BOOL_CONVERSION = YES;
				CLANG_WARN_COMMA = YES;
				CLANG_WARN_CONSTANT_CONVERSION = YES;
				CLANG_WARN_DEPRECATED_OBJC_IMPLEMENTATIONS = YES;
				CLANG_WARN_DIRECT_OBJC_ISA_USAGE = YES_ERROR;
				CLANG_WARN_DOCUMENTATION_COMMENTS = YES;
				CLANG_WARN_EMPTY_BODY = YES;
				CLANG_WARN_ENUM_CONVERSION = YES;
				CLANG_WARN_INFINITE_RECURSION = YES;
				CLANG_WARN_INT_CONVERSION = YES;
				CLANG_WARN_NON_LITERAL_NULL_CONVERSION = YES;
				CLANG_WARN_OBJC_IMPLICIT_RETAIN_SELF = YES;
				CLANG_WARN_OBJC_LITERAL_CONVERSION = YES;
				CLANG_WARN_OBJC_ROOT_CLASS = YES_ERROR;
				CLANG_WARN_QUOTED_INCLUDE_IN_FRAMEWORK_HEADER = YES;
				CLANG_WARN_RANGE_LOOP_ANALYSIS = YES;
				CLANG_WARN_STRICT_PROTOTYPES = YES;
				CLANG_WARN_SUSPICIOUS_MOVE = YES;
				CLANG_WARN_UNGUARDED_AVAILABILITY = YES_AGGRESSIVE;
				CLANG_WARN_UNREACHABLE_CODE = YES;
				CLANG_WARN__DUPLICATE_METHOD_MATCH = YES;
				CODE_SIGN_STYLE = Automatic;
				COPY_PHASE_STRIP = NO;
				DEBUG_INFORMATION_FORMAT = "dwarf-with-dsym";
				DEVELOPMENT_TEAM = "";
				ENABLE_NS_ASSERTIONS = NO;
				ENABLE_STRICT_OBJC_MSGSEND = YES;
				ENABLE_USER_SCRIPT_SANDBOXING = YES;
				GCC_C_LANGUAGE_STANDARD = gnu11;
				GCC_NO_COMMON_BLOCKS = YES;
				GCC_TREAT_WARNINGS_AS_ERRORS = NO;
				GCC_WARN_64_TO_32_BIT_CONVERSION = YES;
				GCC_WARN_ABOUT_RETURN_TYPE = YES_ERROR;
				GCC_WARN_UNDECLARED_SELECTOR = YES;
				GCC_WARN_UNINITIALIZED_AUTOS = YES_AGGRESSIVE;
				GCC_WARN_UNUSED_FUNCTION = YES;
				GCC_WARN_UNUSED_VARIABLE = YES;
				IPHONEOS_DEPLOYMENT_TARGET = 26.0;
				MTL_ENABLE_DEBUG_INFO = NO;
				MTL_FAST_MATH = YES;
				PRODUCT_NAME = "$(TARGET_NAME)";
				SDKROOT = iphoneos;
				SWIFT_COMPILATION_MODE = wholemodule;
				SWIFT_OPTIMIZATION_LEVEL = "-O";
				SWIFT_STRICT_CONCURRENCY = complete;
				SWIFT_TREAT_WARNINGS_AS_ERRORS = NO;
				SWIFT_VERSION = 6.0;
			};
			name = Release;
		};
		6316583EAE612617E9E049CD /* Release */ = {
			isa = XCBuildConfiguration;
			baseConfigurationReference = 9CC7BF855207A5FF7A4A848B /* Base.xcconfig */;
			buildSettings = {
				ASSETCATALOG_COMPILER_APPICON_NAME = AppIcon;
				ASSETCATALOG_COMPILER_GLOBAL_ACCENT_COLOR_NAME = AccentColor;
				CODE_SIGN_IDENTITY = "Apple Distribution";
				CODE_SIGN_STYLE = Manual;
				ENABLE_PREVIEWS = YES;
				GENERATE_INFOPLIST_FILE = NO;
				INFOPLIST_FILE = "App-SuperOS/Info.plist";
				IPHONEOS_DEPLOYMENT_TARGET = 26.0;
				LD_RUNPATH_SEARCH_PATHS = (
					"$(inherited)",
					"@executable_path/Frameworks",
				);
				PRODUCT_BUNDLE_IDENTIFIER = com.brianwang.Super;
				PRODUCT_NAME = Super;
				SDKROOT = iphoneos;
				SUPPORTS_MACCATALYST = NO;
				TARGETED_DEVICE_FAMILY = "1,2";
			};
			name = Release;
		};
		A33D6C88A869FE6B36E85430 /* Debug */ = {
			isa = XCBuildConfiguration;
			baseConfigurationReference = 9CC7BF855207A5FF7A4A848B /* Base.xcconfig */;
			buildSettings = {
				ASSETCATALOG_COMPILER_APPICON_NAME = AppIcon;
				ASSETCATALOG_COMPILER_GLOBAL_ACCENT_COLOR_NAME = AccentColor;
				CODE_SIGN_IDENTITY = "iPhone Developer";
				ENABLE_PREVIEWS = YES;
				GENERATE_INFOPLIST_FILE = NO;
				INFOPLIST_FILE = "App-SuperBible/Info.plist";
				IPHONEOS_DEPLOYMENT_TARGET = 26.0;
				LD_RUNPATH_SEARCH_PATHS = (
					"$(inherited)",
					"@executable_path/Frameworks",
				);
				PRODUCT_BUNDLE_IDENTIFIER = com.brianwang.SuperBible;
				PRODUCT_NAME = SuperBible;
				SDKROOT = iphoneos;
				SUPPORTS_MACCATALYST = NO;
				TARGETED_DEVICE_FAMILY = "1,2";
			};
			name = Debug;
		};
		D1F1A6705EB2EB066B5AED4C /* Debug */ = {
			isa = XCBuildConfiguration;
			baseConfigurationReference = 9CC7BF855207A5FF7A4A848B /* Base.xcconfig */;
			buildSettings = {
				ASSETCATALOG_COMPILER_APPICON_NAME = AppIcon;
				ASSETCATALOG_COMPILER_GLOBAL_ACCENT_COLOR_NAME = AccentColor;
				CODE_SIGN_IDENTITY = "iPhone Developer";
				ENABLE_PREVIEWS = YES;
				GENERATE_INFOPLIST_FILE = NO;
				INFOPLIST_FILE = "App-SuperOS/Info.plist";
				IPHONEOS_DEPLOYMENT_TARGET = 26.0;
				LD_RUNPATH_SEARCH_PATHS = (
					"$(inherited)",
					"@executable_path/Frameworks",
				);
				PRODUCT_BUNDLE_IDENTIFIER = com.brianwang.Super;
				PRODUCT_NAME = Super;
				SDKROOT = iphoneos;
				SUPPORTS_MACCATALYST = NO;
				TARGETED_DEVICE_FAMILY = "1,2";
			};
			name = Debug;
		};
/* End XCBuildConfiguration section */

/* Begin XCConfigurationList section */
		5B09EACE30CD088E553453C4 /* Build configuration list for PBXNativeTarget "Super" */ = {
			isa = XCConfigurationList;
			buildConfigurations = (
				D1F1A6705EB2EB066B5AED4C /* Debug */,
				6316583EAE612617E9E049CD /* Release */,
			);
			defaultConfigurationIsVisible = 0;
			defaultConfigurationName = Debug;
		};
		93E52B85EEBDA4855521E2E2 /* Build configuration list for PBXProject "Super" */ = {
			isa = XCConfigurationList;
			buildConfigurations = (
				0DF61EC6BC4EF00F3E7355DB /* Debug */,
				2F899DD57E9F32006D40D713 /* Release */,
			);
			defaultConfigurationIsVisible = 0;
			defaultConfigurationName = Debug;
		};
		C971474483B84F08459A5912 /* Build configuration list for PBXNativeTarget "SuperBible" */ = {
			isa = XCConfigurationList;
			buildConfigurations = (
				A33D6C88A869FE6B36E85430 /* Debug */,
				17E67C68FBDB893AE3C33F1D /* Release */,
			);
			defaultConfigurationIsVisible = 0;
			defaultConfigurationName = Debug;
		};
/* End XCConfigurationList section */

/* Begin XCLocalSwiftPackageReference section */
		00EFD996846361331FD5E2FB /* XCLocalSwiftPackageReference "Packages/Todo" */ = {
			isa = XCLocalSwiftPackageReference;
			relativePath = Packages/Todo;
		};
		3E74A70C08F8CAFA28DB79F6 /* XCLocalSwiftPackageReference "Packages/Bible" */ = {
			isa = XCLocalSwiftPackageReference;
			relativePath = Packages/Bible;
		};
		594D4392302D1CE4BBCF2D68 /* XCLocalSwiftPackageReference "Packages/Chat" */ = {
			isa = XCLocalSwiftPackageReference;
			relativePath = Packages/Chat;
		};
		A24F6D26900F94887B129B1A /* XCLocalSwiftPackageReference "Packages/Core" */ = {
			isa = XCLocalSwiftPackageReference;
			relativePath = Packages/Core;
		};
/* End XCLocalSwiftPackageReference section */

/* Begin XCSwiftPackageProductDependency section */
		70882273C8BB80DC07D294F8 /* Chat */ = {
			isa = XCSwiftPackageProductDependency;
			productName = Chat;
		};
		8683B0FE0037B0D33755A7F4 /* Core */ = {
			isa = XCSwiftPackageProductDependency;
			productName = Core;
		};
		B59E8F76DF12E5EB85846474 /* Bible */ = {
			isa = XCSwiftPackageProductDependency;
			productName = Bible;
		};
		BC207E747BC5B4B5821BF1A0 /* Core */ = {
			isa = XCSwiftPackageProductDependency;
			productName = Core;
		};
		D584F1599CFA7090D136AA8A /* Todo */ = {
			isa = XCSwiftPackageProductDependency;
			productName = Todo;
		};
		EC029F57EBD2257B8FF7A6D6 /* Chat */ = {
			isa = XCSwiftPackageProductDependency;
			productName = Chat;
		};
		FB8F97E45F912C4ADC4820AB /* Bible */ = {
			isa = XCSwiftPackageProductDependency;
			productName = Bible;
		};
/* End XCSwiftPackageProductDependency section */
	};
	rootObject = 2482EF81DB31E6D333797A40 /* Project object */;
}
