// !$*UTF8*$!
{
	archiveVersion = 1;
	classes = {
	};
	objectVersion = 77;
	objects = {

/* Begin PBXBuildFile section */
		0884657F15758B3B5B1C0BEF /* Core in Frameworks */ = {isa = PBXBuildFile; productRef = 8683B0FE0037B0D33755A7F4 /* Core */; };
		098357BEEFC53ACE5815921E /* Chat in Frameworks */ = {isa = PBXBuildFile; productRef = 70882273C8BB80DC07D294F8 /* Chat */; };
		12A8BC5F16AB43BB8BBC0576 /* AppBootstrap.swift in Sources */ = {isa = PBXBuildFile; fileRef = E6A5AA1BC1015FDF25A767B4 /* AppBootstrap.swift */; };
		589E42DA806F65E29E8DE790 /* Assets.xcassets in Resources */ = {isa = PBXBuildFile; fileRef = DC96AB2000823B1110167BEB /* Assets.xcassets */; };
		697D095559B2C6E8A8698AE0 /* SuperApp.swift in Sources */ = {isa = PBXBuildFile; fileRef = DD771A1B250F9D28FF92CBCC /* SuperApp.swift */; };
		D004FD87438BD970D8B93AA3 /* ContentView.swift in Sources */ = {isa = PBXBuildFile; fileRef = 5E14DF6F5FC6EE821355D769 /* ContentView.swift */; };
/* End PBXBuildFile section */

/* Begin PBXFileReference section */
		5CD7248626B357C0C7BCE21F /* Super.app */ = {isa = PBXFileReference; includeInIndex = 0; lastKnownFileType = wrapper.application; path = Super.app; sourceTree = BUILT_PRODUCTS_DIR; };
		5E14DF6F5FC6EE821355D769 /* ContentView.swift */ = {isa = PBXFileReference; lastKnownFileType = sourcecode.swift; path = ContentView.swift; sourceTree = "<group>"; };
		61F39965616CCD1C3A93C1E5 /* Chat */ = {isa = PBXFileReference; lastKnownFileType = folder; name = Chat; path = Packages/Chat; sourceTree = SOURCE_ROOT; };
		A8BA1600038FF259AD5B228E /* Info.plist */ = {isa = PBXFileReference; lastKnownFileType = text.plist; path = Info.plist; sourceTree = "<group>"; };
		A9E5647B0A3E4B0A1BFC087D /* Core */ = {isa = PBXFileReference; lastKnownFileType = folder; name = Core; path = Packages/Core; sourceTree = SOURCE_ROOT; };
		DC96AB2000823B1110167BEB /* Assets.xcassets */ = {isa = PBXFileReference; lastKnownFileType = folder.assetcatalog; path = Assets.xcassets; sourceTree = "<group>"; };
		DD771A1B250F9D28FF92CBCC /* SuperApp.swift */ = {isa = PBXFileReference; lastKnownFileType = sourcecode.swift; path = SuperApp.swift; sourceTree = "<group>"; };
		E6A5AA1BC1015FDF25A767B4 /* AppBootstrap.swift */ = {isa = PBXFileReference; lastKnownFileType = sourcecode.swift; path = AppBootstrap.swift; sourceTree = "<group>"; };
/* End PBXFileReference section */

/* Begin PBXFrameworksBuildPhase section */
		D41255545ECC4742B5AF08CD /* Frameworks */ = {
			isa = PBXFrameworksBuildPhase;
			buildActionMask = 2147483647;
			files = (
				0884657F15758B3B5B1C0BEF /* Core in Frameworks */,
				098357BEEFC53ACE5815921E /* Chat in Frameworks */,
			);
			runOnlyForDeploymentPostprocessing = 0;
		};
/* End PBXFrameworksBuildPhase section */

/* Begin PBXGroup section */
		1E8169B044BFE25AEEFA415C /* Products */ = {
			isa = PBXGroup;
			children = (
				5CD7248626B357C0C7BCE21F /* Super.app */,
			);
			name = Products;
			sourceTree = "<group>";
		};
		629F5A105F32CABAE061F024 /* App */ = {
			isa = PBXGroup;
			children = (
				E6A5AA1BC1015FDF25A767B4 /* AppBootstrap.swift */,
				DC96AB2000823B1110167BEB /* Assets.xcassets */,
				5E14DF6F5FC6EE821355D769 /* ContentView.swift */,
				A8BA1600038FF259AD5B228E /* Info.plist */,
				DD771A1B250F9D28FF92CBCC /* SuperApp.swift */,
			);
			path = App;
			sourceTree = "<group>";
		};
		6F830D648380D0F60AB776FB = {
			isa = PBXGroup;
			children = (
				629F5A105F32CABAE061F024 /* App */,
				D18728D82C01571E5AD1589C /* Packages */,
				1E8169B044BFE25AEEFA415C /* Products */,
			);
			sourceTree = "<group>";
		};
		D18728D82C01571E5AD1589C /* Packages */ = {
			isa = PBXGroup;
			children = (
				61F39965616CCD1C3A93C1E5 /* Chat */,
				A9E5647B0A3E4B0A1BFC087D /* Core */,
			);
			path = Packages;
			sourceTree = "<group>";
		};
/* End PBXGroup section */

/* Begin PBXNativeTarget section */
		730FC89DA2E4DC6C0AD15760 /* Super */ = {
			isa = PBXNativeTarget;
			buildConfigurationList = 5B09EACE30CD088E553453C4 /* Build configuration list for PBXNativeTarget "Super" */;
			buildPhases = (
				6214B017EF14503C7459B1E3 /* Sources */,
				5547D6F588E3C55325D1C922 /* Resources */,
				D41255545ECC4742B5AF08CD /* Frameworks */,
			);
			buildRules = (
			);
			dependencies = (
			);
			name = Super;
			packageProductDependencies = (
				8683B0FE0037B0D33755A7F4 /* Core */,
				70882273C8BB80DC07D294F8 /* Chat */,
			);
			productName = Super;
			productReference = 5CD7248626B357C0C7BCE21F /* Super.app */;
			productType = "com.apple.product-type.application";
		};
/* End PBXNativeTarget section */

/* Begin PBXProject section */
		2482EF81DB31E6D333797A40 /* Project object */ = {
			isa = PBXProject;
			attributes = {
				BuildIndependentTargetsInParallel = YES;
				LastUpgradeCheck = 2640;
				TargetAttributes = {
					730FC89DA2E4DC6C0AD15760 = {
						DevelopmentTeam = "";
						ProvisioningStyle = Automatic;
					};
				};
			};
			buildConfigurationList = 93E52B85EEBDA4855521E2E2 /* Build configuration list for PBXProject "Super" */;
			developmentRegion = en;
			hasScannedForEncodings = 0;
			knownRegions = (
				Base,
				en,
			);
			mainGroup = 6F830D648380D0F60AB776FB;
			minimizedProjectReferenceProxies = 1;
			packageReferences = (
				594D4392302D1CE4BBCF2D68 /* XCLocalSwiftPackageReference "Packages/Chat" */,
				A24F6D26900F94887B129B1A /* XCLocalSwiftPackageReference "Packages/Core" */,
			);
			preferredProjectObjectVersion = 77;
			productRefGroup = 1E8169B044BFE25AEEFA415C /* Products */;
			projectDirPath = "";
			projectRoot = "";
			targets = (
				730FC89DA2E4DC6C0AD15760 /* Super */,
			);
		};
/* End PBXProject section */

/* Begin PBXResourcesBuildPhase section */
		5547D6F588E3C55325D1C922 /* Resources */ = {
			isa = PBXResourcesBuildPhase;
			buildActionMask = 2147483647;
			files = (
				589E42DA806F65E29E8DE790 /* Assets.xcassets in Resources */,
			);
			runOnlyForDeploymentPostprocessing = 0;
		};
/* End PBXResourcesBuildPhase section */

/* Begin PBXSourcesBuildPhase section */
		6214B017EF14503C7459B1E3 /* Sources */ = {
			isa = PBXSourcesBuildPhase;
			buildActionMask = 2147483647;
			files = (
				12A8BC5F16AB43BB8BBC0576 /* AppBootstrap.swift in Sources */,
				D004FD87438BD970D8B93AA3 /* ContentView.swift in Sources */,
				697D095559B2C6E8A8698AE0 /* SuperApp.swift in Sources */,
			);
			runOnlyForDeploymentPostprocessing = 0;
		};
/* End PBXSourcesBuildPhase section */

/* Begin XCBuildConfiguration section */
		0DF61EC6BC4EF00F3E7355DB /* Debug */ = {
			isa = XCBuildConfiguration;
			buildSettings = {
				ALWAYS_SEARCH_USER_PATHS = NO;
				CLANG_ANALYZER_NONNULL = YES;
				CLANG_ANALYZER_NUMBER_OBJECT_CONVERSION = YES_AGGRESSIVE;
				CLANG_CXX_LANGUAGE_STANDARD = "gnu++14";
				CLANG_CXX_LIBRARY = "libc++";
				CLANG_ENABLE_MODULES = YES;
				CLANG_ENABLE_OBJC_ARC = YES;
				CLANG_ENABLE_OBJC_WEAK = YES;
				CLANG_WARN_BLOCK_CAPTURE_AUTORELEASING = YES;
				CLANG_WARN_BOOL_CONVERSION = YES;
				CLANG_WARN_COMMA = YES;
				CLANG_WARN_CONSTANT_CONVERSION = YES;
				CLANG_WARN_DEPRECATED_OBJC_IMPLEMENTATIONS = YES;
				CLANG_WARN_DIRECT_OBJC_ISA_USAGE = YES_ERROR;
				CLANG_WARN_DOCUMENTATION_COMMENTS = YES;
				CLANG_WARN_EMPTY_BODY = YES;
				CLANG_WARN_ENUM_CONVERSION = YES;
				CLANG_WARN_INFINITE_RECURSION = YES;
				CLANG_WARN_INT_CONVERSION = YES;
				CLANG_WARN_NON_LITERAL_NULL_CONVERSION = YES;
				CLANG_WARN_OBJC_IMPLICIT_RETAIN_SELF = YES;
				CLANG_WARN_OBJC_LITERAL_CONVERSION = YES;
				CLANG_WARN_OBJC_ROOT_CLASS = YES_ERROR;
				CLANG_WARN_QUOTED_INCLUDE_IN_FRAMEWORK_HEADER = YES;
				CLANG_WARN_RANGE_LOOP_ANALYSIS = YES;
				CLANG_WARN_STRICT_PROTOTYPES = YES;
				CLANG_WARN_SUSPICIOUS_MOVE = YES;
				CLANG_WARN_UNGUARDED_AVAILABILITY = YES_AGGRESSIVE;
				CLANG_WARN_UNREACHABLE_CODE = YES;
				CLANG_WARN__DUPLICATE_METHOD_MATCH = YES;
				CODE_SIGN_STYLE = Automatic;
				COPY_PHASE_STRIP = NO;
				DEBUG_INFORMATION_FORMAT = dwarf;
				DEVELOPMENT_TEAM = "";
				ENABLE_STRICT_OBJC_MSGSEND = YES;
				ENABLE_TESTABILITY = YES;
				ENABLE_USER_SCRIPT_SANDBOXING = YES;
				GCC_C_LANGUAGE_STANDARD = gnu11;
				GCC_DYNAMIC_NO_PIC = NO;
				GCC_NO_COMMON_BLOCKS = YES;
				GCC_OPTIMIZATION_LEVEL = 0;
				GCC_PREPROCESSOR_DEFINITIONS = (
					"$(inherited)",
					"DEBUG=1",
				);
				GCC_TREAT_WARNINGS_AS_ERRORS = NO;
				GCC_WARN_64_TO_32_BIT_CONVERSION = YES;
				GCC_WARN_ABOUT_RETURN_TYPE = YES_ERROR;
				GCC_WARN_UNDECLARED_SELECTOR = YES;
				GCC_WARN_UNINITIALIZED_AUTOS = YES_AGGRESSIVE;
				GCC_WARN_UNUSED_FUNCTION = YES;
				GCC_WARN_UNUSED_VARIABLE = YES;
				IPHONEOS_DEPLOYMENT_TARGET = 18.0;
				MTL_ENABLE_DEBUG_INFO = INCLUDE_SOURCE;
				MTL_FAST_MATH = YES;
				ONLY_ACTIVE_ARCH = YES;
				PRODUCT_NAME = "$(TARGET_NAME)";
				SDKROOT = iphoneos;
				SWIFT_ACTIVE_COMPILATION_CONDITIONS = DEBUG;
				SWIFT_OPTIMIZATION_LEVEL = "-Onone";
				SWIFT_STRICT_CONCURRENCY = complete;
				SWIFT_TREAT_WARNINGS_AS_ERRORS = NO;
				SWIFT_VERSION = 6.0;
			};
			name = Debug;
		};
		2F899DD57E9F32006D40D713 /* Release */ = {
			isa = XCBuildConfiguration;
			buildSettings = {
				ALWAYS_SEARCH_USER_PATHS = NO;
				CLANG_ANALYZER_NONNULL = YES;
				CLANG_ANALYZER_NUMBER_OBJECT_CONVERSION = YES_AGGRESSIVE;
				CLANG_CXX_LANGUAGE_STANDARD = "gnu++14";
				CLANG_CXX_LIBRARY = "libc++";
				CLANG_ENABLE_MODULES = YES;
				CLANG_ENABLE_OBJC_ARC = YES;
				CLANG_ENABLE_OBJC_WEAK = YES;
				CLANG_WARN_BLOCK_CAPTURE_AUTORELEASING = YES;
				CLANG_WARN_BOOL_CONVERSION = YES;
				CLANG_WARN_COMMA = YES;
				CLANG_WARN_CONSTANT_CONVERSION = YES;
				CLANG_WARN_DEPRECATED_OBJC_IMPLEMENTATIONS = YES;
				CLANG_WARN_DIRECT_OBJC_ISA_USAGE = YES_ERROR;
				CLANG_WARN_DOCUMENTATION_COMMENTS = YES;
				CLANG_WARN_EMPTY_BODY = YES;
				CLANG_WARN_ENUM_CONVERSION = YES;
				CLANG_WARN_INFINITE_RECURSION = YES;
				CLANG_WARN_INT_CONVERSION = YES;
				CLANG_WARN_NON_LITERAL_NULL_CONVERSION = YES;
				CLANG_WARN_OBJC_IMPLICIT_RETAIN_SELF = YES;
				CLANG_WARN_OBJC_LITERAL_CONVERSION = YES;
				CLANG_WARN_OBJC_ROOT_CLASS = YES_ERROR;
				CLANG_WARN_QUOTED_INCLUDE_IN_FRAMEWORK_HEADER = YES;
				CLANG_WARN_RANGE_LOOP_ANALYSIS = YES;
				CLANG_WARN_STRICT_PROTOTYPES = YES;
				CLANG_WARN_SUSPICIOUS_MOVE = YES;
				CLANG_WARN_UNGUARDED_AVAILABILITY = YES_AGGRESSIVE;
				CLANG_WARN_UNREACHABLE_CODE = YES;
				CLANG_WARN__DUPLICATE_METHOD_MATCH = YES;
				CODE_SIGN_STYLE = Automatic;
				COPY_PHASE_STRIP = NO;
				DEBUG_INFORMATION_FORMAT = "dwarf-with-dsym";
				DEVELOPMENT_TEAM = "";
				ENABLE_NS_ASSERTIONS = NO;
				ENABLE_STRICT_OBJC_MSGSEND = YES;
				ENABLE_USER_SCRIPT_SANDBOXING = YES;
				GCC_C_LANGUAGE_STANDARD = gnu11;
				GCC_NO_COMMON_BLOCKS = YES;
				GCC_TREAT_WARNINGS_AS_ERRORS = NO;
				GCC_WARN_64_TO_32_BIT_CONVERSION = YES;
				GCC_WARN_ABOUT_RETURN_TYPE = YES_ERROR;
				GCC_WARN_UNDECLARED_SELECTOR = YES;
				GCC_WARN_UNINITIALIZED_AUTOS = YES_AGGRESSIVE;
				GCC_WARN_UNUSED_FUNCTION = YES;
				GCC_WARN_UNUSED_VARIABLE = YES;
				IPHONEOS_DEPLOYMENT_TARGET = 18.0;
				MTL_ENABLE_DEBUG_INFO = NO;
				MTL_FAST_MATH = YES;
				PRODUCT_NAME = "$(TARGET_NAME)";
				SDKROOT = iphoneos;
				SWIFT_COMPILATION_MODE = wholemodule;
				SWIFT_OPTIMIZATION_LEVEL = "-O";
				SWIFT_STRICT_CONCURRENCY = complete;
				SWIFT_TREAT_WARNINGS_AS_ERRORS = NO;
				SWIFT_VERSION = 6.0;
			};
			name = Release;
		};
		6316583EAE612617E9E049CD /* Release */ = {
			isa = XCBuildConfiguration;
			buildSettings = {
				ASSETCATALOG_COMPILER_APPICON_NAME = AppIcon;
				ASSETCATALOG_COMPILER_GLOBAL_ACCENT_COLOR_NAME = AccentColor;
				CODE_SIGN_IDENTITY = "iPhone Developer";
				ENABLE_PREVIEWS = YES;
				GENERATE_INFOPLIST_FILE = NO;
				INFOPLIST_FILE = App/Info.plist;
				IPHONEOS_DEPLOYMENT_TARGET = 18.0;
				LD_RUNPATH_SEARCH_PATHS = (
					"$(inherited)",
					"@executable_path/Frameworks",
				);
				PRODUCT_BUNDLE_IDENTIFIER = com.brianwang.Super;
				PRODUCT_NAME = Super;
				SDKROOT = iphoneos;
				SUPPORTS_MACCATALYST = NO;
				TARGETED_DEVICE_FAMILY = "1,2";
			};
			name = Release;
		};
		D1F1A6705EB2EB066B5AED4C /* Debug */ = {
			isa = XCBuildConfiguration;
			buildSettings = {
				ASSETCATALOG_COMPILER_APPICON_NAME = AppIcon;
				ASSETCATALOG_COMPILER_GLOBAL_ACCENT_COLOR_NAME = AccentColor;
				CODE_SIGN_IDENTITY = "iPhone Developer";
				ENABLE_PREVIEWS = YES;
				GENERATE_INFOPLIST_FILE = NO;
				INFOPLIST_FILE = App/Info.plist;
				IPHONEOS_DEPLOYMENT_TARGET = 18.0;
				LD_RUNPATH_SEARCH_PATHS = (
					"$(inherited)",
					"@executable_path/Frameworks",
				);
				PRODUCT_BUNDLE_IDENTIFIER = com.brianwang.Super;
				PRODUCT_NAME = Super;
				SDKROOT = iphoneos;
				SUPPORTS_MACCATALYST = NO;
				TARGETED_DEVICE_FAMILY = "1,2";
			};
			name = Debug;
		};
/* End XCBuildConfiguration section */

/* Begin XCConfigurationList section */
		5B09EACE30CD088E553453C4 /* Build configuration list for PBXNativeTarget "Super" */ = {
			isa = XCConfigurationList;
			buildConfigurations = (
				D1F1A6705EB2EB066B5AED4C /* Debug */,
				6316583EAE612617E9E049CD /* Release */,
			);
			defaultConfigurationIsVisible = 0;
			defaultConfigurationName = Debug;
		};
		93E52B85EEBDA4855521E2E2 /* Build configuration list for PBXProject "Super" */ = {
			isa = XCConfigurationList;
			buildConfigurations = (
				0DF61EC6BC4EF00F3E7355DB /* Debug */,
				2F899DD57E9F32006D40D713 /* Release */,
			);
			defaultConfigurationIsVisible = 0;
			defaultConfigurationName = Debug;
		};
/* End XCConfigurationList section */

/* Begin XCLocalSwiftPackageReference section */
		594D4392302D1CE4BBCF2D68 /* XCLocalSwiftPackageReference "Packages/Chat" */ = {
			isa = XCLocalSwiftPackageReference;
			relativePath = Packages/Chat;
		};
		A24F6D26900F94887B129B1A /* XCLocalSwiftPackageReference "Packages/Core" */ = {
			isa = XCLocalSwiftPackageReference;
			relativePath = Packages/Core;
		};
/* End XCLocalSwiftPackageReference section */

/* Begin XCSwiftPackageProductDependency section */
		70882273C8BB80DC07D294F8 /* Chat */ = {
			isa = XCSwiftPackageProductDependency;
			productName = Chat;
		};
		8683B0FE0037B0D33755A7F4 /* Core */ = {
			isa = XCSwiftPackageProductDependency;
			productName = Core;
		};
/* End XCSwiftPackageProductDependency section */
	};
	rootObject = 2482EF81DB31E6D333797A40 /* Project object */;
}
